{
  "version": 4,
  "terraform_version": "0.13.5",
  "serial": 302,
  "lineage": "1626c915-fdb8-d381-15d8-9f76634f1725",
  "outputs": {},
  "resources": [
    {
      "module": "module.rds_mod",
      "mode": "managed",
      "type": "aws_db_instance",
      "name": "main_db",
      "provider": "module.rds_mod.provider[\"registry.terraform.io/hashicorp/aws\"]",
      "instances": [
        {
          "schema_version": 1,
          "attributes": {
            "address": "terraform-20201119183134330900000002.cpe0zmxz843f.eu-west-1.rds.amazonaws.com",
            "allocated_storage": 20,
            "allow_major_version_upgrade": null,
            "apply_immediately": null,
            "arn": "arn:aws:rds:eu-west-1:874021699381:db:terraform-20201119183134330900000002",
            "auto_minor_version_upgrade": true,
            "availability_zone": "eu-west-1a",
            "backup_retention_period": 0,
            "backup_window": "01:23-01:53",
            "ca_cert_identifier": "rds-ca-2019",
            "character_set_name": null,
            "copy_tags_to_snapshot": false,
            "db_subnet_group_name": "rds_subnet_group",
            "delete_automated_backups": true,
            "deletion_protection": false,
            "domain": "",
            "domain_iam_role_name": "",
            "enabled_cloudwatch_logs_exports": [],
            "endpoint": "terraform-20201119183134330900000002.cpe0zmxz843f.eu-west-1.rds.amazonaws.com:3306",
            "engine": "mysql",
            "engine_version": "5.7.26",
            "final_snapshot_identifier": null,
            "hosted_zone_id": "Z29XKXDKYMONMX",
            "iam_database_authentication_enabled": false,
            "id": "terraform-20201119183134330900000002",
            "identifier": "terraform-20201119183134330900000002",
            "identifier_prefix": null,
            "instance_class": "db.t2.micro",
            "iops": 0,
            "kms_key_id": "",
            "latest_restorable_time": "0001-01-01T00:00:00Z",
            "license_model": "general-public-license",
            "maintenance_window": "fri:23:29-fri:23:59",
            "max_allocated_storage": 0,
            "monitoring_interval": 0,
            "monitoring_role_arn": "",
            "multi_az": false,
            "name": "main_db",
            "option_group_name": "default:mysql-5-7",
            "parameter_group_name": "default.mysql5.7",
            "password": "password123",
            "performance_insights_enabled": false,
            "performance_insights_kms_key_id": "",
            "performance_insights_retention_period": 0,
            "port": 3306,
            "publicly_accessible": false,
            "replicas": [],
            "replicate_source_db": "",
            "resource_id": "db-XAQSWQKZYEMKZGFTWFMRUTS3FY",
            "restore_to_point_in_time": [],
            "s3_import": [],
            "security_group_names": [],
            "skip_final_snapshot": false,
            "snapshot_identifier": null,
            "status": "available",
            "storage_encrypted": false,
            "storage_type": "gp2",
            "tags": {},
            "timeouts": null,
            "timezone": "",
            "username": "root",
            "vpc_security_group_ids": [
              "sg-0fed3b6b0464cfd58"
            ]
          }
        }
      ]
    },
    {
      "module": "module.rds_mod",
      "mode": "managed",
      "type": "aws_db_instance",
      "name": "test_db",
      "provider": "module.rds_mod.provider[\"registry.terraform.io/hashicorp/aws\"]",
      "instances": [
        {
          "schema_version": 1,
          "attributes": {
            "address": "terraform-20201119183134328000000001.cpe0zmxz843f.eu-west-1.rds.amazonaws.com",
            "allocated_storage": 20,
            "allow_major_version_upgrade": null,
            "apply_immediately": null,
            "arn": "arn:aws:rds:eu-west-1:874021699381:db:terraform-20201119183134328000000001",
            "auto_minor_version_upgrade": true,
            "availability_zone": "eu-west-1a",
            "backup_retention_period": 0,
            "backup_window": "01:31-02:01",
            "ca_cert_identifier": "rds-ca-2019",
            "character_set_name": null,
            "copy_tags_to_snapshot": false,
            "db_subnet_group_name": "rds_subnet_group",
            "delete_automated_backups": true,
            "deletion_protection": false,
            "domain": "",
            "domain_iam_role_name": "",
            "enabled_cloudwatch_logs_exports": [],
            "endpoint": "terraform-20201119183134328000000001.cpe0zmxz843f.eu-west-1.rds.amazonaws.com:3306",
            "engine": "mysql",
            "engine_version": "5.7.26",
            "final_snapshot_identifier": null,
            "hosted_zone_id": "Z29XKXDKYMONMX",
            "iam_database_authentication_enabled": false,
            "id": "terraform-20201119183134328000000001",
            "identifier": "terraform-20201119183134328000000001",
            "identifier_prefix": null,
            "instance_class": "db.t2.micro",
            "iops": 0,
            "kms_key_id": "",
            "latest_restorable_time": "0001-01-01T00:00:00Z",
            "license_model": "general-public-license",
            "maintenance_window": "fri:03:02-fri:03:32",
            "max_allocated_storage": 0,
            "monitoring_interval": 0,
            "monitoring_role_arn": "",
            "multi_az": false,
            "name": "test_db",
            "option_group_name": "default:mysql-5-7",
            "parameter_group_name": "default.mysql5.7",
            "password": "password123",
            "performance_insights_enabled": false,
            "performance_insights_kms_key_id": "",
            "performance_insights_retention_period": 0,
            "port": 3306,
            "publicly_accessible": false,
            "replicas": [],
            "replicate_source_db": "",
            "resource_id": "db-PGAHTKUVWEA3HAO4N7PHH5Z7WA",
            "restore_to_point_in_time": [],
            "s3_import": [],
            "security_group_names": [],
            "skip_final_snapshot": false,
            "snapshot_identifier": null,
            "status": "available",
            "storage_encrypted": false,
            "storage_type": "gp2",
            "tags": {},
            "timeouts": null,
            "timezone": "",
            "username": "root",
            "vpc_security_group_ids": [
              "sg-0fed3b6b0464cfd58"
            ]
          }
        }
      ]
    },
    {
      "module": "module.rds_mod",
      "mode": "managed",
      "type": "aws_db_subnet_group",
      "name": "rds_subnet_group",
      "provider": "module.rds_mod.provider[\"registry.terraform.io/hashicorp/aws\"]",
      "instances": [
        {
          "schema_version": 0,
          "attributes": {
            "arn": "arn:aws:rds:eu-west-1:874021699381:subgrp:rds_subnet_group",
            "description": "Managed by Terraform",
            "id": "rds_subnet_group",
            "name": "rds_subnet_group",
            "name_prefix": null,
            "subnet_ids": [
              "subnet-070ec9339688ccad7",
              "subnet-092b152483571cac9"
            ],
            "tags": {}
          },
          "private": "bnVsbA==",
          "dependencies": [
            "module.vpc_mod.aws_subnet.private_subnet",
            "module.vpc_mod.aws_subnet.public_subnet",
            "module.vpc_mod.aws_vpc.main_vpc"
          ]
        }
      ]
    },
    {
      "module": "module.vpc_mod",
      "mode": "managed",
      "type": "aws_subnet",
      "name": "private_subnet",
      "provider": "module.vpc_mod.provider[\"registry.terraform.io/hashicorp/aws\"]",
      "instances": [
        {
          "schema_version": 1,
          "attributes": {
            "arn": "arn:aws:ec2:eu-west-1:874021699381:subnet/subnet-092b152483571cac9",
            "assign_ipv6_address_on_creation": false,
            "availability_zone": "eu-west-1a",
            "availability_zone_id": "euw1-az2",
            "cidr_block": "10.0.8.0/24",
            "id": "subnet-092b152483571cac9",
            "ipv6_cidr_block": "",
            "ipv6_cidr_block_association_id": "",
            "map_public_ip_on_launch": false,
            "outpost_arn": "",
            "owner_id": "874021699381",
            "tags": {},
            "timeouts": null,
            "vpc_id": "vpc-0cdc86fc7cbaf7cf4"
          },
          "private": "eyJlMmJmYjczMC1lY2FhLTExZTYtOGY4OC0zNDM2M2JjN2M0YzAiOnsiY3JlYXRlIjo2MDAwMDAwMDAwMDAsImRlbGV0ZSI6MTIwMDAwMDAwMDAwMH0sInNjaGVtYV92ZXJzaW9uIjoiMSJ9",
          "dependencies": [
            "module.vpc_mod.aws_vpc.main_vpc"
          ]
        }
      ]
    },
    {
      "module": "module.vpc_mod",
      "mode": "managed",
      "type": "aws_subnet",
      "name": "public_subnet",
      "provider": "module.vpc_mod.provider[\"registry.terraform.io/hashicorp/aws\"]",
      "instances": [
        {
          "schema_version": 1,
          "attributes": {
            "arn": "arn:aws:ec2:eu-west-1:874021699381:subnet/subnet-070ec9339688ccad7",
            "assign_ipv6_address_on_creation": false,
            "availability_zone": "eu-west-1b",
            "availability_zone_id": "euw1-az3",
            "cidr_block": "10.0.6.0/24",
            "id": "subnet-070ec9339688ccad7",
            "ipv6_cidr_block": "",
            "ipv6_cidr_block_association_id": "",
            "map_public_ip_on_launch": false,
            "outpost_arn": "",
            "owner_id": "874021699381",
            "tags": {},
            "timeouts": null,
            "vpc_id": "vpc-0cdc86fc7cbaf7cf4"
          },
          "private": "eyJlMmJmYjczMC1lY2FhLTExZTYtOGY4OC0zNDM2M2JjN2M0YzAiOnsiY3JlYXRlIjo2MDAwMDAwMDAwMDAsImRlbGV0ZSI6MTIwMDAwMDAwMDAwMH0sInNjaGVtYV92ZXJzaW9uIjoiMSJ9",
          "dependencies": [
            "module.vpc_mod.aws_vpc.main_vpc"
          ]
        }
      ]
    },
    {
      "module": "module.vpc_mod",
      "mode": "managed",
      "type": "aws_vpc",
      "name": "main_vpc",
      "provider": "module.vpc_mod.provider[\"registry.terraform.io/hashicorp/aws\"]",
      "instances": [
        {
          "schema_version": 1,
          "attributes": {
            "arn": "arn:aws:ec2:eu-west-1:874021699381:vpc/vpc-0cdc86fc7cbaf7cf4",
            "assign_generated_ipv6_cidr_block": false,
            "cidr_block": "10.0.0.0/16",
            "default_network_acl_id": "acl-01275e1af812e91d2",
            "default_route_table_id": "rtb-0288d5fabc34a8629",
            "default_security_group_id": "sg-0fed3b6b0464cfd58",
            "dhcp_options_id": "dopt-69bc870f",
            "enable_classiclink": false,
            "enable_classiclink_dns_support": false,
            "enable_dns_hostnames": false,
            "enable_dns_support": true,
            "id": "vpc-0cdc86fc7cbaf7cf4",
            "instance_tenancy": "default",
            "ipv6_association_id": "",
            "ipv6_cidr_block": "",
            "main_route_table_id": "rtb-0288d5fabc34a8629",
            "owner_id": "874021699381",
            "tags": {}
          },
          "private": "eyJzY2hlbWFfdmVyc2lvbiI6IjEifQ=="
        }
      ]
    }
  ]
}
